
Microsoft Visual Studio Solution File, Format Version 12.00
# Visual Studio 15
VisualStudioVersion = 15.0.26730.3
MinimumVisualStudioVersion = 10.0.40219.1
Project("{FAE04EC0-301F-11D3-BF4B-00C04F79EFBC}") = "FixedThreadPool", "FixedThreadPool\FixedThreadPool.csproj", "{51F8785B-9DD5-42E6-AF36-FFD9837E85C5}"
EndProject
Global
	GlobalSection(SolutionConfigurationPlatforms) = preSolution
		Debug|Any CPU = Debug|Any CPU
		Release|Any CPU = Release|Any CPU
	EndGlobalSection
	GlobalSection(ProjectConfigurationPlatforms) = postSolution
		{51F8785B-9DD5-42E6-AF36-FFD9837E85C5}.Debug|Any CPU.ActiveCfg = Debug|Any CPU
		{51F8785B-9DD5-42E6-AF36-FFD9837E85C5}.Debug|Any CPU.Build.0 = Debug|Any CPU
		{51F8785B-9DD5-42E6-AF36-FFD9837E85C5}.Release|Any CPU.ActiveCfg = Release|Any CPU
		{51F8785B-9DD5-42E6-AF36-FFD9837E85C5}.Release|Any CPU.Build.0 = Release|Any CPU
	EndGlobalSection
	GlobalSection(SolutionProperties) = preSolution
		HideSolutionNode = FALSE
	EndGlobalSection
	GlobalSection(ExtensibilityGlobals) = postSolution
		SolutionGuid = {E6E641A0-8894-4191-B3E7-BDB2663261DF}
	EndGlobalSection
EndGlobal
